// !$*UTF8*$!
{
	archiveVersion = 1;
	classes = {
	};
	objectVersion = 56;
	objects = {

/* Begin PBXBuildFile section */
		E6BF31D82C5AFF2A008A2F40 /* Analysis.swift in Sources */ = {isa = PBXBuildFile; fileRef = E6BF31D72C5AFF2A008A2F40 /* Analysis.swift */; };
		E6BF31DA2C5AFFF9008A2F40 /* ExpensesPage.swift in Sources */ = {isa = PBXBuildFile; fileRef = E6BF31D92C5AFFF9008A2F40 /* ExpensesPage.swift */; };
		E6C15AB82C59AAEF0059D962 /* FinalApp.swift in Sources */ = {isa = PBXBuildFile; fileRef = E6C15AB72C59AAEF0059D962 /* FinalApp.swift */; };
		E6C15ABA2C59AAEF0059D962 /* ContentView.swift in Sources */ = {isa = PBXBuildFile; fileRef = E6C15AB92C59AAEF0059D962 /* ContentView.swift */; };
		E6C15ABC2C59AAF00059D962 /* Assets.xcassets in Resources */ = {isa = PBXBuildFile; fileRef = E6C15ABB2C59AAF00059D962 /* Assets.xcassets */; };
		E6C15ABF2C59AAF00059D962 /* Preview Assets.xcassets in Resources */ = {isa = PBXBuildFile; fileRef = E6C15ABE2C59AAF00059D962 /* Preview Assets.xcassets */; };
		E6C15AC92C59AAF10059D962 /* FinalTests.swift in Sources */ = {isa = PBXBuildFile; fileRef = E6C15AC82C59AAF10059D962 /* FinalTests.swift */; };
		E6C15AD32C59AAF10059D962 /* FinalUITests.swift in Sources */ = {isa = PBXBuildFile; fileRef = E6C15AD22C59AAF10059D962 /* FinalUITests.swift */; };
		E6C15AD52C59AAF10059D962 /* FinalUITestsLaunchTests.swift in Sources */ = {isa = PBXBuildFile; fileRef = E6C15AD42C59AAF10059D962 /* FinalUITestsLaunchTests.swift */; };
		E6C15AE22C59CCE10059D962 /* CheckingPage.swift in Sources */ = {isa = PBXBuildFile; fileRef = E6C15AE12C59CCE10059D962 /* CheckingPage.swift */; };
/* End PBXBuildFile section */

/* Begin PBXContainerItemProxy section */
		E6C15AC52C59AAF00059D962 /* PBXContainerItemProxy */ = {
			isa = PBXContainerItemProxy;
			containerPortal = E6C15AAC2C59AAEF0059D962 /* Project object */;
			proxyType = 1;
			remoteGlobalIDString = E6C15AB32C59AAEF0059D962;
			remoteInfo = Final;
		};
		E6C15ACF2C59AAF10059D962 /* PBXContainerItemProxy */ = {
			isa = PBXContainerItemProxy;
			containerPortal = E6C15AAC2C59AAEF0059D962 /* Project object */;
			proxyType = 1;
			remoteGlobalIDString = E6C15AB32C59AAEF0059D962;
			remoteInfo = Final;
		};
/* End PBXContainerItemProxy section */

/* Begin PBXFileReference section */
		E6BF31D72C5AFF2A008A2F40 /* Analysis.swift */ = {isa = PBXFileReference; lastKnownFileType = sourcecode.swift; path = Analysis.swift; sourceTree = "<group>"; };
		E6BF31D92C5AFFF9008A2F40 /* ExpensesPage.swift */ = {isa = PBXFileReference; lastKnownFileType = sourcecode.swift; path = ExpensesPage.swift; sourceTree = "<group>"; };
		E6C15AB42C59AAEF0059D962 /* Final.app */ = {isa = PBXFileReference; explicitFileType = wrapper.application; includeInIndex = 0; path = Final.app; sourceTree = BUILT_PRODUCTS_DIR; };
		E6C15AB72C59AAEF0059D962 /* FinalApp.swift */ = {isa = PBXFileReference; lastKnownFileType = sourcecode.swift; path = FinalApp.swift; sourceTree = "<group>"; };
		E6C15AB92C59AAEF0059D962 /* ContentView.swift */ = {isa = PBXFileReference; lastKnownFileType = sourcecode.swift; path = ContentView.swift; sourceTree = "<group>"; };
		E6C15ABB2C59AAF00059D962 /* Assets.xcassets */ = {isa = PBXFileReference; lastKnownFileType = folder.assetcatalog; path = Assets.xcassets; sourceTree = "<group>"; };
		E6C15ABE2C59AAF00059D962 /* Preview Assets.xcassets */ = {isa = PBXFileReference; lastKnownFileType = folder.assetcatalog; path = "Preview Assets.xcassets"; sourceTree = "<group>"; };
		E6C15AC42C59AAF00059D962 /* FinalTests.xctest */ = {isa = PBXFileReference; explicitFileType = wrapper.cfbundle; includeInIndex = 0; path = FinalTests.xctest; sourceTree = BUILT_PRODUCTS_DIR; };
		E6C15AC82C59AAF10059D962 /* FinalTests.swift */ = {isa = PBXFileReference; lastKnownFileType = sourcecode.swift; path = FinalTests.swift; sourceTree = "<group>"; };
		E6C15ACE2C59AAF10059D962 /* FinalUITests.xctest */ = {isa = PBXFileReference; explicitFileType = wrapper.cfbundle; includeInIndex = 0; path = FinalUITests.xctest; sourceTree = BUILT_PRODUCTS_DIR; };
		E6C15AD22C59AAF10059D962 /* FinalUITests.swift */ = {isa = PBXFileReference; lastKnownFileType = sourcecode.swift; path = FinalUITests.swift; sourceTree = "<group>"; };
		E6C15AD42C59AAF10059D962 /* FinalUITestsLaunchTests.swift */ = {isa = PBXFileReference; lastKnownFileType = sourcecode.swift; path = FinalUITestsLaunchTests.swift; sourceTree = "<group>"; };
		E6C15AE12C59CCE10059D962 /* CheckingPage.swift */ = {isa = PBXFileReference; lastKnownFileType = sourcecode.swift; path = CheckingPage.swift; sourceTree = "<group>"; };
/* End PBXFileReference section */

/* Begin PBXFrameworksBuildPhase section */
		E6C15AB12C59AAEF0059D962 /* Frameworks */ = {
			isa = PBXFrameworksBuildPhase;
			buildActionMask = 2147483647;
			files = (
			);
			runOnlyForDeploymentPostprocessing = 0;
		};
		E6C15AC12C59AAF00059D962 /* Frameworks */ = {
			isa = PBXFrameworksBuildPhase;
			buildActionMask = 2147483647;
			files = (
			);
			runOnlyForDeploymentPostprocessing = 0;
		};
		E6C15ACB2C59AAF10059D962 /* Frameworks */ = {
			isa = PBXFrameworksBuildPhase;
			buildActionMask = 2147483647;
			files = (
			);
			runOnlyForDeploymentPostprocessing = 0;
		};
/* End PBXFrameworksBuildPhase section */

/* Begin PBXGroup section */
		E6C15AAB2C59AAEF0059D962 = {
			isa = PBXGroup;
			children = (
				E6C15AB62C59AAEF0059D962 /* Final */,
				E6C15AC72C59AAF00059D962 /* FinalTests */,
				E6C15AD12C59AAF10059D962 /* FinalUITests */,
				E6C15AB52C59AAEF0059D962 /* Products */,
			);
			sourceTree = "<group>";
		};
		E6C15AB52C59AAEF0059D962 /* Products */ = {
			isa = PBXGroup;
			children = (
				E6C15AB42C59AAEF0059D962 /* Final.app */,
				E6C15AC42C59AAF00059D962 /* FinalTests.xctest */,
				E6C15ACE2C59AAF10059D962 /* FinalUITests.xctest */,
			);
			name = Products;
			sourceTree = "<group>";
		};
		E6C15AB62C59AAEF0059D962 /* Final */ = {
			isa = PBXGroup;
			children = (
				E6C15AB72C59AAEF0059D962 /* FinalApp.swift */,
				E6C15AB92C59AAEF0059D962 /* ContentView.swift */,
				E6BF31D92C5AFFF9008A2F40 /* ExpensesPage.swift */,
				E6BF31D72C5AFF2A008A2F40 /* Analysis.swift */,
				E6C15AE12C59CCE10059D962 /* CheckingPage.swift */,
				E6C15ABB2C59AAF00059D962 /* Assets.xcassets */,
				E6C15ABD2C59AAF00059D962 /* Preview Content */,
			);
			path = Final;
			sourceTree = "<group>";
		};
		E6C15ABD2C59AAF00059D962 /* Preview Content */ = {
			isa = PBXGroup;
			children = (
				E6C15ABE2C59AAF00059D962 /* Preview Assets.xcassets */,
			);
			path = "Preview Content";
			sourceTree = "<group>";
		};
		E6C15AC72C59AAF00059D962 /* FinalTests */ = {
			isa = PBXGroup;
			children = (
				E6C15AC82C59AAF10059D962 /* FinalTests.swift */,
			);
			path = FinalTests;
			sourceTree = "<group>";
		};
		E6C15AD12C59AAF10059D962 /* FinalUITests */ = {
			isa = PBXGroup;
			children = (
				E6C15AD22C59AAF10059D962 /* FinalUITests.swift */,
				E6C15AD42C59AAF10059D962 /* FinalUITestsLaunchTests.swift */,
			);
			path = FinalUITests;
			sourceTree = "<group>";
		};
/* End PBXGroup section */

/* Begin PBXNativeTarget section */
		E6C15AB32C59AAEF0059D962 /* Final */ = {
			isa = PBXNativeTarget;
			buildConfigurationList = E6C15AD82C59AAF10059D962 /* Build configuration list for PBXNativeTarget "Final" */;
			buildPhases = (
				E6C15AB02C59AAEF0059D962 /* Sources */,
				E6C15AB12C59AAEF0059D962 /* Frameworks */,
				E6C15AB22C59AAEF0059D962 /* Resources */,
			);
			buildRules = (
			);
			dependencies = (
			);
			name = Final;
			productName = Final;
			productReference = E6C15AB42C59AAEF0059D962 /* Final.app */;
			productType = "com.apple.product-type.application";
		};
		E6C15AC32C59AAF00059D962 /* FinalTests */ = {
			isa = PBXNativeTarget;
			buildConfigurationList = E6C15ADB2C59AAF10059D962 /* Build configuration list for PBXNativeTarget "FinalTests" */;
			buildPhases = (
				E6C15AC02C59AAF00059D962 /* Sources */,
				E6C15AC12C59AAF00059D962 /* Frameworks */,
				E6C15AC22C59AAF00059D962 /* Resources */,
			);
			buildRules = (
			);
			dependencies = (
				E6C15AC62C59AAF00059D962 /* PBXTargetDependency */,
			);
			name = FinalTests;
			productName = FinalTests;
			productReference = E6C15AC42C59AAF00059D962 /* FinalTests.xctest */;
			productType = "com.apple.product-type.bundle.unit-test";
		};
		E6C15ACD2C59AAF10059D962 /* FinalUITests */ = {
			isa = PBXNativeTarget;
			buildConfigurationList = E6C15ADE2C59AAF10059D962 /* Build configuration list for PBXNativeTarget "FinalUITests" */;
			buildPhases = (
				E6C15ACA2C59AAF10059D962 /* Sources */,
				E6C15ACB2C59AAF10059D962 /* Frameworks */,
				E6C15ACC2C59AAF10059D962 /* Resources */,
			);
			buildRules = (
			);
			dependencies = (
				E6C15AD02C59AAF10059D962 /* PBXTargetDependency */,
			);
			name = FinalUITests;
			productName = FinalUITests;
			productReference = E6C15ACE2C59AAF10059D962 /* FinalUITests.xctest */;
			productType = "com.apple.product-type.bundle.ui-testing";
		};
/* End PBXNativeTarget section */

/* Begin PBXProject section */
		E6C15AAC2C59AAEF0059D962 /* Project object */ = {
			isa = PBXProject;
			attributes = {
				BuildIndependentTargetsInParallel = 1;
				LastSwiftUpdateCheck = 1540;
				LastUpgradeCheck = 1540;
				TargetAttributes = {
					E6C15AB32C59AAEF0059D962 = {
						CreatedOnToolsVersion = 15.4;
					};
					E6C15AC32C59AAF00059D962 = {
						CreatedOnToolsVersion = 15.4;
						TestTargetID = E6C15AB32C59AAEF0059D962;
					};
					E6C15ACD2C59AAF10059D962 = {
						CreatedOnToolsVersion = 15.4;
						TestTargetID = E6C15AB32C59AAEF0059D962;
					};
				};
			};
			buildConfigurationList = E6C15AAF2C59AAEF0059D962 /* Build configuration list for PBXProject "Final" */;
			compatibilityVersion = "Xcode 14.0";
			developmentRegion = en;
			hasScannedForEncodings = 0;
			knownRegions = (
				en,
				Base,
			);
			mainGroup = E6C15AAB2C59AAEF0059D962;
			productRefGroup = E6C15AB52C59AAEF0059D962 /* Products */;
			projectDirPath = "";
			projectRoot = "";
			targets = (
				E6C15AB32C59AAEF0059D962 /* Final */,
				E6C15AC32C59AAF00059D962 /* FinalTests */,
				E6C15ACD2C59AAF10059D962 /* FinalUITests */,
			);
		};
/* End PBXProject section */

/* Begin PBXResourcesBuildPhase section */
		E6C15AB22C59AAEF0059D962 /* Resources */ = {
			isa = PBXResourcesBuildPhase;
			buildActionMask = 2147483647;
			files = (
				E6C15ABF2C59AAF00059D962 /* Preview Assets.xcassets in Resources */,
				E6C15ABC2C59AAF00059D962 /* Assets.xcassets in Resources */,
			);
			runOnlyForDeploymentPostprocessing = 0;
		};
		E6C15AC22C59AAF00059D962 /* Resources */ = {
			isa = PBXResourcesBuildPhase;
			buildActionMask = 2147483647;
			files = (
			);
			runOnlyForDeploymentPostprocessing = 0;
		};
		E6C15ACC2C59AAF10059D962 /* Resources */ = {
			isa = PBXResourcesBuildPhase;
			buildActionMask = 2147483647;
			files = (
			);
			runOnlyForDeploymentPostprocessing = 0;
		};
/* End PBXResourcesBuildPhase section */

/* Begin PBXSourcesBuildPhase section */
		E6C15AB02C59AAEF0059D962 /* Sources */ = {
			isa = PBXSourcesBuildPhase;
			buildActionMask = 2147483647;
			files = (
				E6C15ABA2C59AAEF0059D962 /* ContentView.swift in Sources */,
				E6BF31DA2C5AFFF9008A2F40 /* ExpensesPage.swift in Sources */,
				E6BF31D82C5AFF2A008A2F40 /* Analysis.swift in Sources */,
				E6C15AB82C59AAEF0059D962 /* FinalApp.swift in Sources */,
				E6C15AE22C59CCE10059D962 /* CheckingPage.swift in Sources */,
			);
			runOnlyForDeploymentPostprocessing = 0;
		};
		E6C15AC02C59AAF00059D962 /* Sources */ = {
			isa = PBXSourcesBuildPhase;
			buildActionMask = 2147483647;
			files = (
				E6C15AC92C59AAF10059D962 /* FinalTests.swift in Sources */,
			);
			runOnlyForDeploymentPostprocessing = 0;
		};
		E6C15ACA2C59AAF10059D962 /* Sources */ = {
			isa = PBXSourcesBuildPhase;
			buildActionMask = 2147483647;
			files = (
				E6C15AD32C59AAF10059D962 /* FinalUITests.swift in Sources */,
				E6C15AD52C59AAF10059D962 /* FinalUITestsLaunchTests.swift in Sources */,
			);
			runOnlyForDeploymentPostprocessing = 0;
		};
/* End PBXSourcesBuildPhase section */

/* Begin PBXTargetDependency section */
		E6C15AC62C59AAF00059D962 /* PBXTargetDependency */ = {
			isa = PBXTargetDependency;
			target = E6C15AB32C59AAEF0059D962 /* Final */;
			targetProxy = E6C15AC52C59AAF00059D962 /* PBXContainerItemProxy */;
		};
		E6C15AD02C59AAF10059D962 /* PBXTargetDependency */ = {
			isa = PBXTargetDependency;
			target = E6C15AB32C59AAEF0059D962 /* Final */;
			targetProxy = E6C15ACF2C59AAF10059D962 /* PBXContainerItemProxy */;
		};
/* End PBXTargetDependency section */

/* Begin XCBuildConfiguration section */
		E6C15AD62C59AAF10059D962 /* Debug */ = {
			isa = XCBuildConfiguration;
			buildSettings = {
				ALWAYS_SEARCH_USER_PATHS = NO;
				ASSETCATALOG_COMPILER_GENERATE_SWIFT_ASSET_SYMBOL_EXTENSIONS = YES;
				CLANG_ANALYZER_NONNULL = YES;
				CLANG_ANALYZER_NUMBER_OBJECT_CONVERSION = YES_AGGRESSIVE;
				CLANG_CXX_LANGUAGE_STANDARD = "gnu++20";
				CLANG_ENABLE_MODULES = YES;
				CLANG_ENABLE_OBJC_ARC = YES;
				CLANG_ENABLE_OBJC_WEAK = YES;
				CLANG_WARN_BLOCK_CAPTURE_AUTORELEASING = YES;
				CLANG_WARN_BOOL_CONVERSION = YES;
				CLANG_WARN_COMMA = YES;
				CLANG_WARN_CONSTANT_CONVERSION = YES;
				CLANG_WARN_DEPRECATED_OBJC_IMPLEMENTATIONS = YES;
				CLANG_WARN_DIRECT_OBJC_ISA_USAGE = YES_ERROR;
				CLANG_WARN_DOCUMENTATION_COMMENTS = YES;
				CLANG_WARN_EMPTY_BODY = YES;
				CLANG_WARN_ENUM_CONVERSION = YES;
				CLANG_WARN_INFINITE_RECURSION = YES;
				CLANG_WARN_INT_CONVERSION = YES;
				CLANG_WARN_NON_LITERAL_NULL_CONVERSION = YES;
				CLANG_WARN_OBJC_IMPLICIT_RETAIN_SELF = YES;
				CLANG_WARN_OBJC_LITERAL_CONVERSION = YES;
				CLANG_WARN_OBJC_ROOT_CLASS = YES_ERROR;
				CLANG_WARN_QUOTED_INCLUDE_IN_FRAMEWORK_HEADER = YES;
				CLANG_WARN_RANGE_LOOP_ANALYSIS = YES;
				CLANG_WARN_STRICT_PROTOTYPES = YES;
				CLANG_WARN_SUSPICIOUS_MOVE = YES;
				CLANG_WARN_UNGUARDED_AVAILABILITY = YES_AGGRESSIVE;
				CLANG_WARN_UNREACHABLE_CODE = YES;
				CLANG_WARN__DUPLICATE_METHOD_MATCH = YES;
				COPY_PHASE_STRIP = NO;
				DEBUG_INFORMATION_FORMAT = dwarf;
				ENABLE_STRICT_OBJC_MSGSEND = YES;
				ENABLE_TESTABILITY = YES;
				ENABLE_USER_SCRIPT_SANDBOXING = YES;
				GCC_C_LANGUAGE_STANDARD = gnu17;
				GCC_DYNAMIC_NO_PIC = NO;
				GCC_NO_COMMON_BLOCKS = YES;
				GCC_OPTIMIZATION_LEVEL = 0;
				GCC_PREPROCESSOR_DEFINITIONS = (
					"DEBUG=1",
					"$(inherited)",
				);
				GCC_WARN_64_TO_32_BIT_CONVERSION = YES;
				GCC_WARN_ABOUT_RETURN_TYPE = YES_ERROR;
				GCC_WARN_UNDECLARED_SELECTOR = YES;
				GCC_WARN_UNINITIALIZED_AUTOS = YES_AGGRESSIVE;
				GCC_WARN_UNUSED_FUNCTION = YES;
				GCC_WARN_UNUSED_VARIABLE = YES;
				IPHONEOS_DEPLOYMENT_TARGET = 17.5;
				LOCALIZATION_PREFERS_STRING_CATALOGS = YES;
				MTL_ENABLE_DEBUG_INFO = INCLUDE_SOURCE;
				MTL_FAST_MATH = YES;
				ONLY_ACTIVE_ARCH = YES;
				SDKROOT = iphoneos;
				SWIFT_ACTIVE_COMPILATION_CONDITIONS = "DEBUG $(inherited)";
				SWIFT_OPTIMIZATION_LEVEL = "-Onone";
			};
			name = Debug;
		};
		E6C15AD72C59AAF10059D962 /* Release */ = {
			isa = XCBuildConfiguration;
			buildSettings = {
				ALWAYS_SEARCH_USER_PATHS = NO;
				ASSETCATALOG_COMPILER_GENERATE_SWIFT_ASSET_SYMBOL_EXTENSIONS = YES;
				CLANG_ANALYZER_NONNULL = YES;
				CLANG_ANALYZER_NUMBER_OBJECT_CONVERSION = YES_AGGRESSIVE;
				CLANG_CXX_LANGUAGE_STANDARD = "gnu++20";
				CLANG_ENABLE_MODULES = YES;
				CLANG_ENABLE_OBJC_ARC = YES;
				CLANG_ENABLE_OBJC_WEAK = YES;
				CLANG_WARN_BLOCK_CAPTURE_AUTORELEASING = YES;
				CLANG_WARN_BOOL_CONVERSION = YES;
				CLANG_WARN_COMMA = YES;
				CLANG_WARN_CONSTANT_CONVERSION = YES;
				CLANG_WARN_DEPRECATED_OBJC_IMPLEMENTATIONS = YES;
				CLANG_WARN_DIRECT_OBJC_ISA_USAGE = YES_ERROR;
				CLANG_WARN_DOCUMENTATION_COMMENTS = YES;
				CLANG_WARN_EMPTY_BODY = YES;
				CLANG_WARN_ENUM_CONVERSION = YES;
				CLANG_WARN_INFINITE_RECURSION = YES;
				CLANG_WARN_INT_CONVERSION = YES;
				CLANG_WARN_NON_LITERAL_NULL_CONVERSION = YES;
				CLANG_WARN_OBJC_IMPLICIT_RETAIN_SELF = YES;
				CLANG_WARN_OBJC_LITERAL_CONVERSION = YES;
				CLANG_WARN_OBJC_ROOT_CLASS = YES_ERROR;
				CLANG_WARN_QUOTED_INCLUDE_IN_FRAMEWORK_HEADER = YES;
				CLANG_WARN_RANGE_LOOP_ANALYSIS = YES;
				CLANG_WARN_STRICT_PROTOTYPES = YES;
				CLANG_WARN_SUSPICIOUS_MOVE = YES;
				CLANG_WARN_UNGUARDED_AVAILABILITY = YES_AGGRESSIVE;
				CLANG_WARN_UNREACHABLE_CODE = YES;
				CLANG_WARN__DUPLICATE_METHOD_MATCH = YES;
				COPY_PHASE_STRIP = NO;
				DEBUG_INFORMATION_FORMAT = "dwarf-with-dsym";
				ENABLE_NS_ASSERTIONS = NO;
				ENABLE_STRICT_OBJC_MSGSEND = YES;
				ENABLE_USER_SCRIPT_SANDBOXING = YES;
				GCC_C_LANGUAGE_STANDARD = gnu17;
				GCC_NO_COMMON_BLOCKS = YES;
				GCC_WARN_64_TO_32_BIT_CONVERSION = YES;
				GCC_WARN_ABOUT_RETURN_TYPE = YES_ERROR;
				GCC_WARN_UNDECLARED_SELECTOR = YES;
				GCC_WARN_UNINITIALIZED_AUTOS = YES_AGGRESSIVE;
				GCC_WARN_UNUSED_FUNCTION = YES;
				GCC_WARN_UNUSED_VARIABLE = YES;
				IPHONEOS_DEPLOYMENT_TARGET = 17.5;
				LOCALIZATION_PREFERS_STRING_CATALOGS = YES;
				MTL_ENABLE_DEBUG_INFO = NO;
				MTL_FAST_MATH = YES;
				SDKROOT = iphoneos;
				SWIFT_COMPILATION_MODE = wholemodule;
				VALIDATE_PRODUCT = YES;
			};
			name = Release;
		};
		E6C15AD92C59AAF10059D962 /* Debug */ = {
			isa = XCBuildConfiguration;
			buildSettings = {
				ASSETCATALOG_COMPILER_APPICON_NAME = AppIcon;
				ASSETCATALOG_COMPILER_GLOBAL_ACCENT_COLOR_NAME = AccentColor;
				CODE_SIGN_STYLE = Automatic;
				CURRENT_PROJECT_VERSION = 1;
				DEVELOPMENT_ASSET_PATHS = "\"Final/Preview Content\"";
				DEVELOPMENT_TEAM = FP9DU73W5F;
				ENABLE_PREVIEWS = YES;
				GENERATE_INFOPLIST_FILE = YES;
				INFOPLIST_KEY_UIApplicationSceneManifest_Generation = YES;
				INFOPLIST_KEY_UIApplicationSupportsIndirectInputEvents = YES;
				INFOPLIST_KEY_UILaunchScreen_Generation = YES;
				INFOPLIST_KEY_UISupportedInterfaceOrientations_iPad = "UIInterfaceOrientationPortrait UIInterfaceOrientationPortraitUpsideDown UIInterfaceOrientationLandscapeLeft UIInterfaceOrientationLandscapeRight";
				INFOPLIST_KEY_UISupportedInterfaceOrientations_iPhone = "UIInterfaceOrientationPortrait UIInterfaceOrientationLandscapeLeft UIInterfaceOrientationLandscapeRight";
				LD_RUNPATH_SEARCH_PATHS = (
					"$(inherited)",
					"@executable_path/Frameworks",
				);
				MARKETING_VERSION = 1.0;
				PRODUCT_BUNDLE_IDENTIFIER = nickh.Final;
				PRODUCT_NAME = "$(TARGET_NAME)";
				SWIFT_EMIT_LOC_STRINGS = YES;
				SWIFT_VERSION = 5.0;
				TARGETED_DEVICE_FAMILY = "1,2";
			};
			name = Debug;
		};
		E6C15ADA2C59AAF10059D962 /* Release */ = {
			isa = XCBuildConfiguration;
			buildSettings = {
				ASSETCATALOG_COMPILER_APPICON_NAME = AppIcon;
				ASSETCATALOG_COMPILER_GLOBAL_ACCENT_COLOR_NAME = AccentColor;
				CODE_SIGN_STYLE = Automatic;
				CURRENT_PROJECT_VERSION = 1;
				DEVELOPMENT_ASSET_PATHS = "\"Final/Preview Content\"";
				DEVELOPMENT_TEAM = FP9DU73W5F;
				ENABLE_PREVIEWS = YES;
				GENERATE_INFOPLIST_FILE = YES;
				INFOPLIST_KEY_UIApplicationSceneManifest_Generation = YES;
				INFOPLIST_KEY_UIApplicationSupportsIndirectInputEvents = YES;
				INFOPLIST_KEY_UILaunchScreen_Generation = YES;
				INFOPLIST_KEY_UISupportedInterfaceOrientations_iPad = "UIInterfaceOrientationPortrait UIInterfaceOrientationPortraitUpsideDown UIInterfaceOrientationLandscapeLeft UIInterfaceOrientationLandscapeRight";
				INFOPLIST_KEY_UISupportedInterfaceOrientations_iPhone = "UIInterfaceOrientationPortrait UIInterfaceOrientationLandscapeLeft UIInterfaceOrientationLandscapeRight";
				LD_RUNPATH_SEARCH_PATHS = (
					"$(inherited)",
					"@executable_path/Frameworks",
				);
				MARKETING_VERSION = 1.0;
				PRODUCT_BUNDLE_IDENTIFIER = nickh.Final;
				PRODUCT_NAME = "$(TARGET_NAME)";
				SWIFT_EMIT_LOC_STRINGS = YES;
				SWIFT_VERSION = 5.0;
				TARGETED_DEVICE_FAMILY = "1,2";
			};
			name = Release;
		};
		E6C15ADC2C59AAF10059D962 /* Debug */ = {
			isa = XCBuildConfiguration;
			buildSettings = {
				ALWAYS_EMBED_SWIFT_STANDARD_LIBRARIES = YES;
				BUNDLE_LOADER = "$(TEST_HOST)";
				CODE_SIGN_STYLE = Automatic;
				CURRENT_PROJECT_VERSION = 1;
				DEVELOPMENT_TEAM = FP9DU73W5F;
				GENERATE_INFOPLIST_FILE = YES;
				IPHONEOS_DEPLOYMENT_TARGET = 17.5;
				MARKETING_VERSION = 1.0;
				PRODUCT_BUNDLE_IDENTIFIER = nickh.FinalTests;
				PRODUCT_NAME = "$(TARGET_NAME)";
				SWIFT_EMIT_LOC_STRINGS = NO;
				SWIFT_VERSION = 5.0;
				TARGETED_DEVICE_FAMILY = "1,2";
				TEST_HOST = "$(BUILT_PRODUCTS_DIR)/Final.app/$(BUNDLE_EXECUTABLE_FOLDER_PATH)/Final";
			};
			name = Debug;
		};
		E6C15ADD2C59AAF10059D962 /* Release */ = {
			isa = XCBuildConfiguration;
			buildSettings = {
				ALWAYS_EMBED_SWIFT_STANDARD_LIBRARIES = YES;
				BUNDLE_LOADER = "$(TEST_HOST)";
				CODE_SIGN_STYLE = Automatic;
				CURRENT_PROJECT_VERSION = 1;
				DEVELOPMENT_TEAM = FP9DU73W5F;
				GENERATE_INFOPLIST_FILE = YES;
				IPHONEOS_DEPLOYMENT_TARGET = 17.5;
				MARKETING_VERSION = 1.0;
				PRODUCT_BUNDLE_IDENTIFIER = nickh.FinalTests;
				PRODUCT_NAME = "$(TARGET_NAME)";
				SWIFT_EMIT_LOC_STRINGS = NO;
				SWIFT_VERSION = 5.0;
				TARGETED_DEVICE_FAMILY = "1,2";
				TEST_HOST = "$(BUILT_PRODUCTS_DIR)/Final.app/$(BUNDLE_EXECUTABLE_FOLDER_PATH)/Final";
			};
			name = Release;
		};
		E6C15ADF2C59AAF10059D962 /* Debug */ = {
			isa = XCBuildConfiguration;
			buildSettings = {
				ALWAYS_EMBED_SWIFT_STANDARD_LIBRARIES = YES;
				CODE_SIGN_STYLE = Automatic;
				CURRENT_PROJECT_VERSION = 1;
				DEVELOPMENT_TEAM = FP9DU73W5F;
				GENERATE_INFOPLIST_FILE = YES;
				MARKETING_VERSION = 1.0;
				PRODUCT_BUNDLE_IDENTIFIER = nickh.FinalUITests;
				PRODUCT_NAME = "$(TARGET_NAME)";
				SWIFT_EMIT_LOC_STRINGS = NO;
				SWIFT_VERSION = 5.0;
				TARGETED_DEVICE_FAMILY = "1,2";
				TEST_TARGET_NAME = Final;
			};
			name = Debug;
		};
		E6C15AE02C59AAF10059D962 /* Release */ = {
			isa = XCBuildConfiguration;
			buildSettings = {
				ALWAYS_EMBED_SWIFT_STANDARD_LIBRARIES = YES;
				CODE_SIGN_STYLE = Automatic;
				CURRENT_PROJECT_VERSION = 1;
				DEVELOPMENT_TEAM = FP9DU73W5F;
				GENERATE_INFOPLIST_FILE = YES;
				MARKETING_VERSION = 1.0;
				PRODUCT_BUNDLE_IDENTIFIER = nickh.FinalUITests;
				PRODUCT_NAME = "$(TARGET_NAME)";
				SWIFT_EMIT_LOC_STRINGS = NO;
				SWIFT_VERSION = 5.0;
				TARGETED_DEVICE_FAMILY = "1,2";
				TEST_TARGET_NAME = Final;
			};
			name = Release;
		};
/* End XCBuildConfiguration section */

/* Begin XCConfigurationList section */
		E6C15AAF2C59AAEF0059D962 /* Build configuration list for PBXProject "Final" */ = {
			isa = XCConfigurationList;
			buildConfigurations = (
				E6C15AD62C59AAF10059D962 /* Debug */,
				E6C15AD72C59AAF10059D962 /* Release */,
			);
			defaultConfigurationIsVisible = 0;
			defaultConfigurationName = Release;
		};
		E6C15AD82C59AAF10059D962 /* Build configuration list for PBXNativeTarget "Final" */ = {
			isa = XCConfigurationList;
			buildConfigurations = (
				E6C15AD92C59AAF10059D962 /* Debug */,
				E6C15ADA2C59AAF10059D962 /* Release */,
			);
			defaultConfigurationIsVisible = 0;
			defaultConfigurationName = Release;
		};
		E6C15ADB2C59AAF10059D962 /* Build configuration list for PBXNativeTarget "FinalTests" */ = {
			isa = XCConfigurationList;
			buildConfigurations = (
				E6C15ADC2C59AAF10059D962 /* Debug */,
				E6C15ADD2C59AAF10059D962 /* Release */,
			);
			defaultConfigurationIsVisible = 0;
			defaultConfigurationName = Release;
		};
		E6C15ADE2C59AAF10059D962 /* Build configuration list for PBXNativeTarget "FinalUITests" */ = {
			isa = XCConfigurationList;
			buildConfigurations = (
				E6C15ADF2C59AAF10059D962 /* Debug */,
				E6C15AE02C59AAF10059D962 /* Release */,
			);
			defaultConfigurationIsVisible = 0;
			defaultConfigurationName = Release;
		};
/* End XCConfigurationList section */
	};
	rootObject = E6C15AAC2C59AAEF0059D962 /* Project object */;
}
